<?xml version="1.0" encoding="UTF-8" standalone="yes" ?>
<CodeBlocks_project_file>
	<FileVersion major="1" minor="6" />
	<Project>
		<Option title="core" />
		<Option pch_mode="2" />
		<Option compiler="msys2_x86_64_gcc" />
		<Build>
			<Target title="Debug">
				<Option output="bin/Debug/octetos-core" prefix_auto="1" extension_auto="1" />
				<Option object_output=".objs/Debug/" />
				<Option type="3" />
				<Option compiler="msys2_x86_64_gcc" />
				<Compiler>
					<Add option="-Wall" />
					<Add option="-g" />
					<Add option="-DBUILDING_DLL" />
					<Add option="-DEXPORTING_DLL" />
				</Compiler>
				<Linker>
					<Add library="user32" />
				</Linker>
			</Target>
			<Target title="Release">
				<Option output="bin/Release/octetos-core" prefix_auto="1" extension_auto="1" />
				<Option object_output=".objs/Release/" />
				<Option type="3" />
				<Option compiler="msys2_x86_64_gcc" />
				<Compiler>
					<Add option="-Wall" />
					<Add option="-DBUILD_DLL" />
					<Add option="-O2" />
				</Compiler>
				<Linker>
					<Add option="-s" />
					<Add library="user32" />
				</Linker>
			</Target>
			<Target title="develop">
				<Option output="bin/Debug/core" prefix_auto="1" extension_auto="1" />
				<Option object_output=".objs/Debug/" />
				<Option type="1" />
				<Option compiler="msys2_x86_64_gcc" />
				<Linker>
					<Add library="octetos-core" />
					<Add directory="bin/Debug" />
				</Linker>
			</Target>
		</Build>
		<Unit filename="src/Error.cc">
			<Option target="Debug" />
			<Option target="Release" />
		</Unit>
		<Unit filename="src/Error.hh">
			<Option target="Debug" />
			<Option target="Release" />
		</Unit>
		<Unit filename="src/Exception.cc">
			<Option target="Debug" />
			<Option target="Release" />
		</Unit>
		<Unit filename="src/Exception.hh">
			<Option target="Debug" />
			<Option target="Release" />
		</Unit>
		<Unit filename="src/Version.cc">
			<Option target="Debug" />
			<Option target="Release" />
		</Unit>
		<Unit filename="src/Version.hh">
			<Option target="Debug" />
			<Option target="Release" />
		</Unit>
		<Unit filename="src/cd.cc">
			<Option target="Debug" />
			<Option target="Release" />
		</Unit>
		<Unit filename="src/common.c">
			<Option compilerVar="CC" />
			<Option target="Debug" />
			<Option target="Release" />
		</Unit>
		<Unit filename="src/core.cc">
			<Option target="Debug" />
			<Option target="Release" />
		</Unit>
		<Unit filename="src/core.hh">
			<Option target="Debug" />
			<Option target="Release" />
		</Unit>
		<Unit filename="src/defines.hh">
			<Option target="Debug" />
			<Option target="Release" />
		</Unit>
		<Unit filename="src/exists.cc">
			<Option target="Debug" />
			<Option target="Release" />
		</Unit>
		<Unit filename="src/mkdir.cc">
			<Option target="Debug" />
			<Option target="Release" />
		</Unit>
		<Unit filename="src/rename.cc">
			<Option target="Debug" />
			<Option target="Release" />
		</Unit>
		<Unit filename="src/rm.cc">
			<Option target="Debug" />
			<Option target="Release" />
		</Unit>
		<Unit filename="src/shell.cc">
			<Option target="Debug" />
			<Option target="Release" />
		</Unit>
		<Unit filename="src/shell.hh">
			<Option target="Debug" />
			<Option target="Release" />
		</Unit>
		<Unit filename="src/touch.cc">
			<Option target="Debug" />
			<Option target="Release" />
		</Unit>
		<Unit filename="src/version-semver.cc">
			<Option target="Debug" />
			<Option target="Release" />
		</Unit>
		<Unit filename="tests/main.cc">
			<Option target="develop" />
		</Unit>
		<Extensions>
			<lib_finder disable_auto="1" />
		</Extensions>
	</Project>
</CodeBlocks_project_file>
