<?xml version="1.0" encoding="UTF-8" standalone="yes" ?>
<CodeBlocks_project_file>
	<FileVersion major="1" minor="6" />
	<Project>
		<Option title="core" />
		<Option pch_mode="2" />
		<Option compiler="msys2_x86_64_gcc" />
		<Build>
			<Target title="liboctetos-core-dbg">
				<Option output="bin/Debug/octetos-core" prefix_auto="1" extension_auto="1" />
				<Option object_output=".objs/Debug/" />
				<Option type="3" />
				<Option compiler="msys2_x86_64_gcc" />
				<Compiler>
					<Add option="-Wall" />
					<Add option="-g" />
					<Add option="-DBUILDING_DLL" />
					<Add option="-DEXPORTING_DLL" />
					<Add option='-DPACKAGE=&quot;\&quot;octetos-core\&quot;&quot;' />
					<Add option='-DVERSION=&quot;\&quot;2.36.1-alpha\&quot;&quot;' />
				</Compiler>
				<Linker>
					<Add option="`pkg-config libconfig++ --libs`" />
					<Add library="user32" />
				</Linker>
				<ExtraCommands>
					<Add before="cmd /c bison -d -o src\semver.tab.c src\semver.y" />
				</ExtraCommands>
			</Target>
			<Target title="liboctetos-core-r">
				<Option output="bin/Release/octetos-core" prefix_auto="1" extension_auto="1" />
				<Option object_output=".objs/Release/" />
				<Option type="3" />
				<Option compiler="msys2_x86_64_gcc" />
				<Compiler>
					<Add option="-Wall" />
					<Add option="-O2" />
					<Add option="-DBUILDING_DLL" />
					<Add option="-DEXPORTING_DLL" />
					<Add option='-DPACKAGE=&quot;\&quot;octetos-core\&quot;&quot;' />
					<Add option='-DVERSION=&quot;\&quot;2.36.1-alpha\&quot;&quot;' />
				</Compiler>
				<Linker>
					<Add option="-s `pkg-config libconfig++ --libs`" />
					<Add library="user32" />
				</Linker>
				<ExtraCommands>
					<Add before="cmd /c bison -d -o src\semver.tab.c src\semver.y" />
				</ExtraCommands>
			</Target>
			<Target title="develop">
				<Option output="bin/Debug/octetos-core" prefix_auto="1" extension_auto="1" />
				<Option object_output=".objs/Debug/" />
				<Option type="1" />
				<Option compiler="msys2_x86_64_gcc" />
				<Compiler>
					<Add option="-DOCTETOS_CORE_V2" />
				</Compiler>
				<Linker>
					<Add library="octetos-core" />
					<Add directory="bin/Debug" />
				</Linker>
			</Target>
		</Build>
		<Unit filename="src/Buffer.cc">
			<Option target="liboctetos-core-dbg" />
			<Option target="liboctetos-core-r" />
		</Unit>
		<Unit filename="src/Buffer.hh">
			<Option target="liboctetos-core-dbg" />
			<Option target="liboctetos-core-r" />
		</Unit>
		<Unit filename="src/Error.cc">
			<Option target="liboctetos-core-dbg" />
			<Option target="liboctetos-core-r" />
		</Unit>
		<Unit filename="src/Error.hh">
			<Option target="liboctetos-core-dbg" />
			<Option target="liboctetos-core-r" />
		</Unit>
		<Unit filename="src/Exception-v2.cc">
			<Option target="liboctetos-core-dbg" />
			<Option target="liboctetos-core-r" />
		</Unit>
		<Unit filename="src/Exception-v2.hh">
			<Option target="liboctetos-core-dbg" />
			<Option target="liboctetos-core-r" />
		</Unit>
		<Unit filename="src/Exception-v3.cc">
			<Option target="liboctetos-core-dbg" />
			<Option target="liboctetos-core-r" />
		</Unit>
		<Unit filename="src/Exception-v3.hh">
			<Option target="liboctetos-core-dbg" />
			<Option target="liboctetos-core-r" />
		</Unit>
		<Unit filename="src/Exception.hh">
			<Option target="liboctetos-core-dbg" />
			<Option target="liboctetos-core-r" />
		</Unit>
		<Unit filename="src/Licence.cc">
			<Option target="liboctetos-core-dbg" />
			<Option target="liboctetos-core-r" />
		</Unit>
		<Unit filename="src/Licence.hh">
			<Option target="liboctetos-core-dbg" />
			<Option target="liboctetos-core-r" />
		</Unit>
		<Unit filename="src/Object.cc">
			<Option target="liboctetos-core-dbg" />
			<Option target="liboctetos-core-r" />
		</Unit>
		<Unit filename="src/Object.hh">
			<Option target="liboctetos-core-dbg" />
			<Option target="liboctetos-core-r" />
		</Unit>
		<Unit filename="src/Version-parser-v2.cc">
			<Option target="liboctetos-core-dbg" />
			<Option target="liboctetos-core-r" />
		</Unit>
		<Unit filename="src/Version-parser-v3.cc">
			<Option target="liboctetos-core-dbg" />
			<Option target="liboctetos-core-r" />
		</Unit>
		<Unit filename="src/Version-v2.cc">
			<Option target="liboctetos-core-dbg" />
			<Option target="liboctetos-core-r" />
		</Unit>
		<Unit filename="src/Version-v2.hh">
			<Option target="liboctetos-core-dbg" />
			<Option target="liboctetos-core-r" />
		</Unit>
		<Unit filename="src/Version-v3.cc">
			<Option target="liboctetos-core-dbg" />
			<Option target="liboctetos-core-r" />
		</Unit>
		<Unit filename="src/Version-v3.hh">
			<Option target="liboctetos-core-dbg" />
			<Option target="liboctetos-core-r" />
		</Unit>
		<Unit filename="src/Version-win-v3.hh">
			<Option target="liboctetos-core-dbg" />
			<Option target="liboctetos-core-r" />
		</Unit>
		<Unit filename="src/cd.cc">
			<Option target="liboctetos-core-dbg" />
			<Option target="liboctetos-core-r" />
		</Unit>
		<Unit filename="src/common.c">
			<Option compilerVar="CC" />
			<Option target="liboctetos-core-dbg" />
			<Option target="liboctetos-core-r" />
		</Unit>
		<Unit filename="src/common.h">
			<Option target="liboctetos-core-dbg" />
			<Option target="liboctetos-core-r" />
		</Unit>
		<Unit filename="src/config-win.h">
			<Option target="liboctetos-core-dbg" />
			<Option target="liboctetos-core-r" />
		</Unit>
		<Unit filename="src/core.cc">
			<Option target="liboctetos-core-dbg" />
			<Option target="liboctetos-core-r" />
		</Unit>
		<Unit filename="src/core.hh">
			<Option target="liboctetos-core-dbg" />
			<Option target="liboctetos-core-r" />
		</Unit>
		<Unit filename="src/defines.hh">
			<Option target="liboctetos-core-dbg" />
			<Option target="liboctetos-core-r" />
		</Unit>
		<Unit filename="src/exists.cc">
			<Option target="liboctetos-core-dbg" />
			<Option target="liboctetos-core-r" />
		</Unit>
		<Unit filename="src/ls.cc">
			<Option target="liboctetos-core-dbg" />
			<Option target="liboctetos-core-r" />
		</Unit>
		<Unit filename="src/mkdir.cc">
			<Option target="liboctetos-core-dbg" />
			<Option target="liboctetos-core-r" />
		</Unit>
		<Unit filename="src/rename.cc">
			<Option target="liboctetos-core-dbg" />
			<Option target="liboctetos-core-r" />
		</Unit>
		<Unit filename="src/rm-exceptions.cc">
			<Option target="liboctetos-core-dbg" />
			<Option target="liboctetos-core-r" />
		</Unit>
		<Unit filename="src/rm.cc">
			<Option target="liboctetos-core-dbg" />
			<Option target="liboctetos-core-r" />
		</Unit>
		<Unit filename="src/semver-lexer.3.cc">
			<Option target="liboctetos-core-dbg" />
			<Option target="liboctetos-core-r" />
		</Unit>
		<Unit filename="src/semver-lexer.cc">
			<Option target="liboctetos-core-dbg" />
			<Option target="liboctetos-core-r" />
		</Unit>
		<Unit filename="src/semver-lexer.h">
			<Option target="liboctetos-core-dbg" />
			<Option target="liboctetos-core-r" />
		</Unit>
		<Unit filename="src/semver.tab.c">
			<Option compilerVar="CC" />
			<Option target="liboctetos-core-dbg" />
			<Option target="liboctetos-core-r" />
		</Unit>
		<Unit filename="src/semver.tab.h">
			<Option target="liboctetos-core-dbg" />
			<Option target="liboctetos-core-r" />
		</Unit>
		<Unit filename="src/shell.cc">
			<Option target="liboctetos-core-dbg" />
			<Option target="liboctetos-core-r" />
		</Unit>
		<Unit filename="src/shell.hh">
			<Option target="liboctetos-core-dbg" />
			<Option target="liboctetos-core-r" />
		</Unit>
		<Unit filename="src/touch.cc">
			<Option target="liboctetos-core-dbg" />
			<Option target="liboctetos-core-r" />
		</Unit>
		<Unit filename="src/version-semver-v2.cc">
			<Option target="liboctetos-core-dbg" />
			<Option target="liboctetos-core-r" />
		</Unit>
		<Unit filename="tests/main.cc">
			<Option target="develop" />
		</Unit>
		<Extensions>
			<lib_finder disable_auto="1" />
		</Extensions>
	</Project>
</CodeBlocks_project_file>
