<?xml version="1.0" encoding="UTF-8" standalone="yes" ?>
<CodeBlocks_project_file>
	<FileVersion major="1" minor="6" />
	<Project>
		<Option title="core-v3" />
		<Option pch_mode="2" />
		<Option compiler="gcc" />
		<Build>
			<Target title="Debug">
				<Option output="bin/Debug/core-v3" prefix_auto="1" extension_auto="1" />
				<Option object_output="bin/Debug/obj" />
				<Option type="1" />
				<Option compiler="gcc" />
				<Compiler>
					<Add option="-g" />
					<Add option="-DOCTETOS_CORE_TTD=3" />
					<Add option="-DOCTETOS_CORE_V3_TDD" />
				</Compiler>
				<Linker>
					<Add option="`pkg-config cunit --libs`" />
					<Add library="cunit" />
				</Linker>
			</Target>
			<Target title="Release">
				<Option output="bin/Release/core-v3" prefix_auto="1" extension_auto="1" />
				<Option object_output="bin/Release/obj" />
				<Option type="1" />
				<Option compiler="gcc" />
				<Compiler>
					<Add option="-O2" />
					<Add option="-DOCTETOS_CORE_TTD=3" />
					<Add option="-DOCTETOS_CORE_V3_TDD" />
					<Add option="-DOCTETOS_CORE_V3_PERFORMANCE" />
				</Compiler>
				<Linker>
					<Add option="`pkg-config cunit --libs`" />
				</Linker>
			</Target>
			<Target title="preformace">
				<Option output="bin/Release/preformace.s" prefix_auto="0" extension_auto="0" />
				<Option working_dir="bin/Release" />
				<Option object_output="bin/Release/obj" />
				<Option type="1" />
				<Option compiler="gcc" />
				<Option use_console_runner="0" />
				<Compiler>
					<Add option="-O2 -S" />
					<Add option="-DOCTETOS_CORE_TTD=3" />
					<Add option="-DOCTETOS_CORE_V3_TDD" />
					<Add option="-DOCTETOS_CORE_V3_PERFORMANCE" />
				</Compiler>
				<Linker>
					<Add option="`pkg-config cunit --libs`" />
				</Linker>
			</Target>
			<Target title="liboctetos-core-3-dbg">
				<Option output="bin/Debug/octetos-core-3" imp_lib="$(TARGET_OUTPUT_DIR)$(TARGET_OUTPUT_BASENAME).a" def_file="$(TARGET_OUTPUT_DIR)$(TARGET_OUTPUT_BASENAME).def" prefix_auto="1" extension_auto="1" />
				<Option object_output="bin/Debug/objs" />
				<Option type="3" />
				<Option compiler="gcc" />
				<Option createDefFile="1" />
				<Option createStaticLib="1" />
				<Compiler>
					<Add option="-g -fPIC" />
				</Compiler>
			</Target>
			<Target title="attempts">
				<Option output="bin/Debug/attempts" prefix_auto="1" extension_auto="1" />
				<Option object_output="bin/Debug/obj" />
				<Option type="1" />
				<Option compiler="gcc" />
				<Compiler>
					<Add option="-g" />
					<Add option="-DOCTETOS_CORE_TTD=3" />
					<Add option="-DOCTETOS_CORE_V3_TDD" />
				</Compiler>
				<Linker>
					<Add option="`pkg-config cunit --libs`" />
				</Linker>
			</Target>
			<Target title="liboctetos-core-3">
				<Option output="bin/Release/octetos-core-3" imp_lib="$(TARGET_OUTPUT_DIR)$(TARGET_OUTPUT_BASENAME).a" def_file="$(TARGET_OUTPUT_DIR)$(TARGET_OUTPUT_BASENAME).def" prefix_auto="1" extension_auto="1" />
				<Option object_output="bin/Release/objs" />
				<Option type="3" />
				<Option compiler="gcc" />
				<Option createDefFile="1" />
				<Option createStaticLib="1" />
				<Compiler>
					<Add option="-O2 -fPIC" />
				</Compiler>
			</Target>
			<Target title="develop-number">
				<Option output="bin/Debug/number-develop" prefix_auto="1" extension_auto="1" />
				<Option object_output="bin/Debug/obj" />
				<Option type="1" />
				<Option compiler="gcc" />
			</Target>
			<Target title="develop-nodes-2">
				<Option output="bin/Debug/nodes-develop-2" prefix_auto="1" extension_auto="1" />
				<Option object_output="bin/Debug/obj" />
				<Option type="1" />
				<Option compiler="gcc" />
				<Compiler>
					<Add option="-DOCTETOS_CORE_V3_TDD" />
				</Compiler>
			</Target>
			<Target title="develop-nodes-3">
				<Option output="bin/Debug/nodes-develop-3" prefix_auto="1" extension_auto="1" />
				<Option object_output="bin/Debug/obj" />
				<Option type="1" />
				<Option compiler="gcc" />
				<Compiler>
					<Add option="-DOCTETOS_CORE_V3_TDD" />
				</Compiler>
			</Target>
			<Target title="develop-lexer">
				<Option output="bin/Debug/develop-lexer" prefix_auto="1" extension_auto="1" />
				<Option object_output="bin/Debug/obj" />
				<Option type="1" />
				<Option compiler="gcc" />
				<Compiler>
					<Add option="-g" />
					<Add option="-DOCTETOS_CORE_TTD=3" />
					<Add option="-DOCTETOS_CORE_V3_TDD" />
				</Compiler>
				<Linker>
					<Add option="`pkg-config cunit --libs`" />
					<Add library="cunit" />
				</Linker>
			</Target>
			<Target title="TDD">
				<Option output="bin/Debug/TDD" prefix_auto="1" extension_auto="1" />
				<Option object_output="bin/Debug/obj" />
				<Option type="1" />
				<Option compiler="gcc" />
				<Compiler>
					<Add option="-g" />
					<Add option="-DOCTETOS_CORE_TTD=3" />
					<Add option="-DOCTETOS_CORE_V3_TDD" />
				</Compiler>
				<Linker>
					<Add option="`pkg-config cunit --libs`" />
					<Add library="cunit" />
				</Linker>
			</Target>
		</Build>
		<Compiler>
			<Add option="--std=c++20 -Wall -pedantic `pkg-config libconfig++ --cflags`" />
			<Add option="-DOCTETOS_CORE_VERSION_MAJOR=3" />
			<Add option="-DOCTETOS_CORE_VERSION_MINOR=0" />
			<Add option="-DOCTETOS_CORE_VERSION_PATCH=0" />
			<Add directory="../../octetos" />
		</Compiler>
		<Linker>
			<Add option="`pkg-config libconfig++ --libs`" />
			<Add library="libconfig++" />
			<Add directory="bin/Debug" />
		</Linker>
		<Unit filename="3/Buffer.cc">
			<Option target="Debug" />
			<Option target="Release" />
			<Option target="preformace" />
			<Option target="attempts" />
			<Option target="develop-lexer" />
			<Option target="TDD" />
		</Unit>
		<Unit filename="3/Buffer.hh">
			<Option target="Debug" />
			<Option target="Release" />
			<Option target="preformace" />
			<Option target="attempts" />
			<Option target="develop-lexer" />
			<Option target="TDD" />
		</Unit>
		<Unit filename="3/C90.hh">
			<Option target="develop-lexer" />
		</Unit>
		<Unit filename="3/Configuration.cc">
			<Option target="Debug" />
			<Option target="Release" />
			<Option target="liboctetos-core-3-dbg" />
			<Option target="liboctetos-core-3" />
			<Option target="develop-lexer" />
			<Option target="TDD" />
		</Unit>
		<Unit filename="3/Configuration.hh">
			<Option target="Debug" />
			<Option target="Release" />
			<Option target="liboctetos-core-3-dbg" />
			<Option target="liboctetos-core-3" />
			<Option target="develop-lexer" />
			<Option target="TDD" />
		</Unit>
		<Unit filename="3/Exception.hh">
			<Option target="Debug" />
			<Option target="Release" />
			<Option target="preformace" />
			<Option target="attempts" />
			<Option target="develop-lexer" />
			<Option target="TDD" />
		</Unit>
		<Unit filename="3/array.hh">
			<Option target="Debug" />
			<Option target="Release" />
			<Option target="preformace" />
			<Option target="attempts" />
			<Option target="develop-lexer" />
			<Option target="TDD" />
		</Unit>
		<Unit filename="3/develop-lexer-CD.cc">
			<Option target="develop-lexer" />
		</Unit>
		<Unit filename="3/entity.hh">
			<Option target="Debug" />
			<Option target="Release" />
			<Option target="preformace" />
			<Option target="attempts" />
			<Option target="develop-lexer" />
			<Option target="TDD" />
		</Unit>
		<Unit filename="3/numbers.cc">
			<Option target="develop-number" />
		</Unit>
		<Unit filename="3/numbers.hh">
			<Option target="Debug" />
			<Option target="Release" />
			<Option target="preformace" />
			<Option target="attempts" />
			<Option target="develop-number" />
			<Option target="develop-lexer" />
			<Option target="TDD" />
		</Unit>
		<Unit filename="3/platform.cc">
			<Option target="Debug" />
			<Option target="Release" />
			<Option target="liboctetos-core-3-dbg" />
			<Option target="liboctetos-core-3" />
			<Option target="develop-lexer" />
			<Option target="TDD" />
		</Unit>
		<Unit filename="3/platform.hh">
			<Option target="Debug" />
			<Option target="Release" />
			<Option target="liboctetos-core-3-dbg" />
			<Option target="liboctetos-core-3" />
			<Option target="develop-lexer" />
			<Option target="TDD" />
		</Unit>
		<Unit filename="3/string.cc">
			<Option target="Debug" />
			<Option target="Release" />
			<Option target="preformace" />
			<Option target="liboctetos-core-3-dbg" />
			<Option target="attempts" />
			<Option target="liboctetos-core-3" />
			<Option target="develop-lexer" />
			<Option target="TDD" />
		</Unit>
		<Unit filename="3/string.hh">
			<Option target="Debug" />
			<Option target="Release" />
			<Option target="liboctetos-core-3-dbg" />
			<Option target="attempts" />
			<Option target="liboctetos-core-3" />
			<Option target="develop-lexer" />
			<Option target="TDD" />
		</Unit>
		<Unit filename="3/table.hh">
			<Option target="Debug" />
			<Option target="Release" />
			<Option target="liboctetos-core-3-dbg" />
			<Option target="liboctetos-core-3" />
			<Option target="develop-lexer" />
			<Option target="TDD" />
		</Unit>
		<Unit filename="3/tree.cc">
			<Option target="Debug" />
			<Option target="Release" />
			<Option target="preformace" />
			<Option target="attempts" />
			<Option target="develop-lexer" />
			<Option target="TDD" />
		</Unit>
		<Unit filename="3/tree.hh">
			<Option target="Debug" />
			<Option target="Release" />
			<Option target="preformace" />
			<Option target="attempts" />
			<Option target="develop-lexer" />
			<Option target="TDD" />
		</Unit>
		<Unit filename="3/version.cc">
			<Option target="Debug" />
			<Option target="Release" />
			<Option target="liboctetos-core-3-dbg" />
			<Option target="liboctetos-core-3" />
			<Option target="develop-lexer" />
			<Option target="TDD" />
		</Unit>
		<Unit filename="3/version.hh">
			<Option target="Debug" />
			<Option target="Release" />
			<Option target="liboctetos-core-3-dbg" />
			<Option target="liboctetos-core-3" />
			<Option target="develop-lexer" />
			<Option target="TDD" />
		</Unit>
		<Unit filename="tests/attempts.cc">
			<Option target="attempts" />
		</Unit>
		<Unit filename="tests/develop-Number.cc">
			<Option target="develop-number" />
		</Unit>
		<Unit filename="tests/develop-nodes-3.cc">
			<Option target="develop-nodes-3" />
		</Unit>
		<Unit filename="tests/develop-nodes.cc">
			<Option target="develop-nodes-2" />
		</Unit>
		<Unit filename="tests/main.cc">
			<Option target="Debug" />
			<Option target="Release" />
			<Option target="TDD" />
		</Unit>
		<Unit filename="tests/nodes-3.cc">
			<Option target="develop-nodes-3" />
		</Unit>
		<Unit filename="tests/nodes-3.hh">
			<Option target="develop-nodes-3" />
		</Unit>
		<Unit filename="tests/nodes-develop.cc">
			<Option target="&lt;{~None~}&gt;" />
		</Unit>
		<Unit filename="tests/nodes.cc">
			<Option target="develop-nodes-2" />
			<Option target="develop-nodes-3" />
		</Unit>
		<Unit filename="tests/nodes.hh">
			<Option target="develop-nodes-2" />
			<Option target="develop-nodes-3" />
		</Unit>
		<Unit filename="tests/performace.cc">
			<Option target="preformace" />
		</Unit>
		<Unit filename="tests/v3.cc">
			<Option target="Debug" />
			<Option target="Release" />
			<Option target="develop-lexer" />
			<Option target="TDD" />
		</Unit>
		<Unit filename="tests/v3.hh">
			<Option target="Debug" />
			<Option target="Release" />
			<Option target="develop-lexer" />
			<Option target="TDD" />
		</Unit>
		<Extensions />
	</Project>
</CodeBlocks_project_file>
