<?xml version="1.0" encoding="UTF-8" standalone="yes" ?>
<CodeBlocks_project_file>
	<FileVersion major="1" minor="6" />
	<Project>
		<Option title="octetos-core" />
		<Option pch_mode="2" />
		<Option compiler="gcc" />
		<Build>
			<Target title="liboctetos-core-dbg">
				<Option output="bin/Debug/octetos-core.dll" imp_lib="$(TARGET_OUTPUT_DIR)$(TARGET_OUTPUT_BASENAME).a" def_file="$(TARGET_OUTPUT_DIR)$(TARGET_OUTPUT_BASENAME).def" prefix_auto="0" extension_auto="0" />
				<Option object_output="bin/obj/Debug/" />
				<Option type="3" />
				<Option compiler="gcc" />
				<Compiler>
					<Add option="-Wall -g -std=c++20" />
					<Add option="-DIDE_CODEBLOCKS" />
				</Compiler>
			</Target>
			<Target title="version">
				<Option output="bin/Debug/version" prefix_auto="1" extension_auto="1" />
				<Option object_output="bin/obj/" />
				<Option type="1" />
				<Option compiler="gcc" />
				<Option parameters="2.36.9-alpha -s" />
				<Linker>
					<Add library="octetos-core" />
					<Add directory="bin/Debug" />
				</Linker>
			</Target>
			<Target title="develop-arrays">
				<Option output="bin/Debug/develop-arrays" prefix_auto="1" extension_auto="1" />
				<Option object_output="bin/obj/Debug/" />
				<Option type="1" />
				<Option compiler="gcc" />
				<Option projectCompilerOptionsRelation="0" />
				<Compiler>
					<Add option="-g" />
				</Compiler>
			</Target>
			<Target title="develop-lexer-CD">
				<Option output="bin/Debug/develop-arrays" prefix_auto="1" extension_auto="1" />
				<Option object_output="bin/obj/Debug/" />
				<Option type="1" />
				<Option compiler="gcc" />
				<Option projectCompilerOptionsRelation="0" />
				<Compiler>
					<Add option="-g" />
				</Compiler>
			</Target>
		</Build>
		<Compiler>
			<Add option="-Wall -std=c++20" />
			<Add option="-DIDE_CODEBLOCKS" />
			<Add directory="../../octetos" />
		</Compiler>
		<Unit filename="src/Buffer-v3.cc">
			<Option target="liboctetos-core-dbg" />
		</Unit>
		<Unit filename="src/Buffer-v3.hh">
			<Option target="liboctetos-core-dbg" />
		</Unit>
		<Unit filename="src/Buffer.cc">
			<Option target="liboctetos-core-dbg" />
		</Unit>
		<Unit filename="src/Buffer.hh">
			<Option target="liboctetos-core-dbg" />
		</Unit>
		<Unit filename="src/Error.cc">
			<Option target="liboctetos-core-dbg" />
		</Unit>
		<Unit filename="src/Error.hh">
			<Option target="liboctetos-core-dbg" />
		</Unit>
		<Unit filename="src/Exception-v2.cc">
			<Option target="liboctetos-core-dbg" />
		</Unit>
		<Unit filename="src/Exception-v2.hh">
			<Option target="liboctetos-core-dbg" />
		</Unit>
		<Unit filename="src/Exception-v3.cc">
			<Option target="liboctetos-core-dbg" />
		</Unit>
		<Unit filename="src/Exception-v3.hh">
			<Option target="liboctetos-core-dbg" />
		</Unit>
		<Unit filename="src/Exception.hh">
			<Option target="liboctetos-core-dbg" />
		</Unit>
		<Unit filename="src/Version-parser-v2.cc">
			<Option target="liboctetos-core-dbg" />
		</Unit>
		<Unit filename="src/Version-parser-v3.cc">
			<Option target="liboctetos-core-dbg" />
		</Unit>
		<Unit filename="src/Version-v2.cc">
			<Option target="liboctetos-core-dbg" />
		</Unit>
		<Unit filename="src/Version-v2.hh">
			<Option target="liboctetos-core-dbg" />
		</Unit>
		<Unit filename="src/Version-v3.cc">
			<Option target="liboctetos-core-dbg" />
		</Unit>
		<Unit filename="src/Version-v3.hh">
			<Option target="liboctetos-core-dbg" />
			<Option target="develop-arrays" />
		</Unit>
		<Unit filename="src/arrays.hh">
			<Option target="develop-arrays" />
		</Unit>
		<Unit filename="src/develop-arrays.cc">
			<Option target="develop-arrays" />
		</Unit>
		<Unit filename="src/develop-lexer-CD.cc">
			<Option target="develop-lexer-CD" />
		</Unit>
		<Unit filename="src/semver-lexer.2.cc">
			<Option target="liboctetos-core-dbg" />
		</Unit>
		<Unit filename="src/semver-lexer.3.cc">
			<Option target="liboctetos-core-dbg" />
		</Unit>
		<Unit filename="src/version-main.cc">
			<Option target="version" />
		</Unit>
		<Extensions>
			<lib_finder disable_auto="1" />
		</Extensions>
	</Project>
</CodeBlocks_project_file>
