
Microsoft Visual Studio Solution File, Format Version 12.00
# Visual Studio Version 17
VisualStudioVersion = 17.1.32319.34
MinimumVisualStudioVersion = 10.0.40219.1
Project("{8BC9CEB8-8B4A-11D0-8D11-00A0C91BC942}") = "tester", "tester.vcxproj", "{F89F8AEE-2212-4482-A39E-25728E76781A}"
EndProject
Project("{8BC9CEB8-8B4A-11D0-8D11-00A0C91BC942}") = "library-dll", "library-dll.vcxproj", "{67D6E4DA-BAFF-4A3C-82DA-FD5C0981589F}"
EndProject
Global
	GlobalSection(SolutionConfigurationPlatforms) = preSolution
		Debug|x64 = Debug|x64
		Debug|x86 = Debug|x86
		Release|x64 = Release|x64
		Release|x86 = Release|x86
	EndGlobalSection
	GlobalSection(ProjectConfigurationPlatforms) = postSolution
		{F89F8AEE-2212-4482-A39E-25728E76781A}.Debug|x64.ActiveCfg = Debug|x64
		{F89F8AEE-2212-4482-A39E-25728E76781A}.Debug|x64.Build.0 = Debug|x64
		{F89F8AEE-2212-4482-A39E-25728E76781A}.Debug|x86.ActiveCfg = Debug|Win32
		{F89F8AEE-2212-4482-A39E-25728E76781A}.Debug|x86.Build.0 = Debug|Win32
		{F89F8AEE-2212-4482-A39E-25728E76781A}.Release|x64.ActiveCfg = Release|x64
		{F89F8AEE-2212-4482-A39E-25728E76781A}.Release|x64.Build.0 = Release|x64
		{F89F8AEE-2212-4482-A39E-25728E76781A}.Release|x86.ActiveCfg = Release|Win32
		{F89F8AEE-2212-4482-A39E-25728E76781A}.Release|x86.Build.0 = Release|Win32
		{67D6E4DA-BAFF-4A3C-82DA-FD5C0981589F}.Debug|x64.ActiveCfg = Debug|x64
		{67D6E4DA-BAFF-4A3C-82DA-FD5C0981589F}.Debug|x64.Build.0 = Debug|x64
		{67D6E4DA-BAFF-4A3C-82DA-FD5C0981589F}.Debug|x86.ActiveCfg = Debug|Win32
		{67D6E4DA-BAFF-4A3C-82DA-FD5C0981589F}.Debug|x86.Build.0 = Debug|Win32
		{67D6E4DA-BAFF-4A3C-82DA-FD5C0981589F}.Release|x64.ActiveCfg = Release|x64
		{67D6E4DA-BAFF-4A3C-82DA-FD5C0981589F}.Release|x64.Build.0 = Release|x64
		{67D6E4DA-BAFF-4A3C-82DA-FD5C0981589F}.Release|x86.ActiveCfg = Release|Win32
		{67D6E4DA-BAFF-4A3C-82DA-FD5C0981589F}.Release|x86.Build.0 = Release|Win32
	EndGlobalSection
	GlobalSection(SolutionProperties) = preSolution
		HideSolutionNode = FALSE
	EndGlobalSection
	GlobalSection(ExtensibilityGlobals) = postSolution
		SolutionGuid = {58017E7D-0B8E-4ED3-A338-E189DB46B34D}
	EndGlobalSection
EndGlobal
